
Microsoft Visual Studio Solution File, Format Version 12.00
Project("{8BC9CEB8-8B4A-11D0-8D11-00A0C91BC942}") = "SortLearn", "SortLearn\SortLearn.vcxproj", "{99D0C524-4F33-4F49-A9DF-1B3831E169B0}"
EndProject
Global
	GlobalSection(SolutionConfigurationPlatforms) = preSolution
		Debug|Win32 = Debug|Win32
		Debug|x64 = Debug|x64
		Release|Win32 = Release|Win32
		Release|x64 = Release|x64
	EndGlobalSection
	GlobalSection(ProjectConfigurationPlatforms) = postSolution
		{99D0C524-4F33-4F49-A9DF-1B3831E169B0}.Debug|Win32.ActiveCfg = Debug|Win32
		{99D0C524-4F33-4F49-A9DF-1B3831E169B0}.Debug|Win32.Build.0 = Debug|Win32
		{99D0C524-4F33-4F49-A9DF-1B3831E169B0}.Debug|x64.ActiveCfg = Debug|x64
		{99D0C524-4F33-4F49-A9DF-1B3831E169B0}.Debug|x64.Build.0 = Debug|x64
		{99D0C524-4F33-4F49-A9DF-1B3831E169B0}.Release|Win32.ActiveCfg = Release|Win32
		{99D0C524-4F33-4F49-A9DF-1B3831E169B0}.Release|Win32.Build.0 = Release|Win32
		{99D0C524-4F33-4F49-A9DF-1B3831E169B0}.Release|x64.ActiveCfg = Release|x64
		{99D0C524-4F33-4F49-A9DF-1B3831E169B0}.Release|x64.Build.0 = Release|x64
	EndGlobalSection
EndGlobal
